// !$*UTF8*$!
{
	archiveVersion = 1;
	classes = {
	};
	objectVersion = 56;
	objects = {

/* Begin PBXBuildFile section */
		A1B2C3D4E5F6000000000006 /* Sources/AnyFloatApp/AnyFloatApp.swift in Sources */ = {isa = PBXBuildFile; fileRef = A1B2C3D4E5F6000000000004 /* Sources/AnyFloatApp/AnyFloatApp.swift */; };
		A1B2C3D4E5F6000000000014 /* XcodeSupport/Assets.xcassets in Resources */ = {isa = PBXBuildFile; fileRef = A1B2C3D4E5F6000000000015 /* XcodeSupport/Assets.xcassets */; };
		A1B2C3D4E5F6000000000016 /* Mixpanel in Frameworks */ = {isa = PBXBuildFile; productRef = A1B2C3D4E5F6000000000018 /* Mixpanel */; };
/* End PBXBuildFile section */

/* Begin PBXFileReference section */
		A1B2C3D4E5F6000000000003 /* AnyFloat.app */ = {isa = PBXFileReference; explicitFileType = wrapper.application; includeInIndex = 0; path = AnyFloat.app; sourceTree = BUILT_PRODUCTS_DIR; };
		A1B2C3D4E5F6000000000004 /* Sources/AnyFloatApp/AnyFloatApp.swift */ = {isa = PBXFileReference; lastKnownFileType = sourcecode.swift; path = Sources/AnyFloatApp/AnyFloatApp.swift; sourceTree = SOURCE_ROOT; };
		A1B2C3D4E5F6000000000005 /* XcodeSupport/Info.plist */ = {isa = PBXFileReference; lastKnownFileType = text.plist.xml; path = XcodeSupport/Info.plist; sourceTree = SOURCE_ROOT; };
		A1B2C3D4E5F6000000000015 /* XcodeSupport/Assets.xcassets */ = {isa = PBXFileReference; lastKnownFileType = folder.assetcatalog; path = XcodeSupport/Assets.xcassets; sourceTree = SOURCE_ROOT; };
/* End PBXFileReference section */

/* Begin PBXFrameworksBuildPhase section */
		A1B2C3D4E5F6000000000007 /* Frameworks */ = {
			isa = PBXFrameworksBuildPhase;
			buildActionMask = 2147483647;
			files = (
				A1B2C3D4E5F6000000000016 /* Mixpanel in Frameworks */,
			);
			runOnlyForDeploymentPostprocessing = 0;
		};
/* End PBXFrameworksBuildPhase section */

/* Begin PBXGroup section */
		A1B2C3D4E5F600000000000A = {
			isa = PBXGroup;
			children = (
				A1B2C3D4E5F600000000000B /* Sources */,
				A1B2C3D4E5F600000000000D /* XcodeSupport */,
				A1B2C3D4E5F600000000000C /* Products */,
			);
			sourceTree = "<group>";
		};
		A1B2C3D4E5F600000000000B /* Sources */ = {
			isa = PBXGroup;
			children = (
				A1B2C3D4E5F6000000000004 /* Sources/AnyFloatApp/AnyFloatApp.swift */,
			);
			name = Sources;
			sourceTree = "<group>";
		};
		A1B2C3D4E5F600000000000C /* Products */ = {
			isa = PBXGroup;
			children = (
				A1B2C3D4E5F6000000000003 /* AnyFloat.app */,
			);
			name = Products;
			sourceTree = "<group>";
		};
		A1B2C3D4E5F600000000000D /* XcodeSupport */ = {
			isa = PBXGroup;
			children = (
				A1B2C3D4E5F6000000000005 /* XcodeSupport/Info.plist */,
				A1B2C3D4E5F6000000000015 /* XcodeSupport/Assets.xcassets */,
			);
			name = XcodeSupport;
			sourceTree = "<group>";
		};
/* End PBXGroup section */

/* Begin PBXNativeTarget section */
		A1B2C3D4E5F6000000000002 /* AnyFloat */ = {
			isa = PBXNativeTarget;
			buildConfigurationList = A1B2C3D4E5F600000000000E /* Build configuration list for PBXNativeTarget "AnyFloat" */;
			buildPhases = (
				A1B2C3D4E5F6000000000009 /* Sources */,
				A1B2C3D4E5F6000000000007 /* Frameworks */,
				A1B2C3D4E5F6000000000008 /* Resources */,
			);
			buildRules = (
			);
			dependencies = (
				A1B2C3D4E5F6000000000019 /* PBXTargetDependency */,
			);
			name = AnyFloat;
			packageProductDependencies = (
				A1B2C3D4E5F6000000000018 /* Mixpanel */,
			);
			productName = AnyFloat;
			productReference = A1B2C3D4E5F6000000000003 /* AnyFloat.app */;
			productType = "com.apple.product-type.application";
		};
/* End PBXNativeTarget section */

/* Begin PBXProject section */
		A1B2C3D4E5F6000000000001 /* Project object */ = {
			isa = PBXProject;
			attributes = {
				BuildIndependentTargetsInParallel = 1;
				LastSwiftUpdateCheck = 1600;
				LastUpgradeCheck = 1600;
				TargetAttributes = {
					A1B2C3D4E5F6000000000002 = {
						CreatedOnToolsVersion = 16.0;
					};
				};
			};
			buildConfigurationList = A1B2C3D4E5F600000000000F /* Build configuration list for PBXProject "AnyFloat" */;
			compatibilityVersion = "Xcode 14.0";
			developmentRegion = en;
			hasScannedForEncodings = 0;
			knownRegions = (
				en,
				Base,
			);
			mainGroup = A1B2C3D4E5F600000000000A;
			packageReferences = (
				A1B2C3D4E5F6000000000017 /* XCRemoteSwiftPackageReference "mixpanel-swift" */,
			);
			productRefGroup = A1B2C3D4E5F600000000000C /* Products */;
			projectDirPath = "";
			projectRoot = "";
			targets = (
				A1B2C3D4E5F6000000000002 /* AnyFloat */,
			);
		};
/* End PBXProject section */

/* Begin PBXResourcesBuildPhase section */
		A1B2C3D4E5F6000000000008 /* Resources */ = {
			isa = PBXResourcesBuildPhase;
			buildActionMask = 2147483647;
			files = (
				A1B2C3D4E5F6000000000014 /* XcodeSupport/Assets.xcassets in Resources */,
			);
			runOnlyForDeploymentPostprocessing = 0;
		};
/* End PBXResourcesBuildPhase section */

/* Begin PBXSourcesBuildPhase section */
		A1B2C3D4E5F6000000000009 /* Sources */ = {
			isa = PBXSourcesBuildPhase;
			buildActionMask = 2147483647;
			files = (
				A1B2C3D4E5F6000000000006 /* Sources/AnyFloatApp/AnyFloatApp.swift in Sources */,
			);
			runOnlyForDeploymentPostprocessing = 0;
		};
/* End PBXSourcesBuildPhase section */

/* Begin PBXTargetDependency section */
		A1B2C3D4E5F6000000000019 /* PBXTargetDependency */ = {
			isa = PBXTargetDependency;
			productRef = A1B2C3D4E5F6000000000018 /* Mixpanel */;
		};
/* End PBXTargetDependency section */

/* Begin XCBuildConfiguration section */
		A1B2C3D4E5F6000000000010 /* Debug */ = {
			isa = XCBuildConfiguration;
			buildSettings = {
				ASSETCATALOG_COMPILER_APPICON_NAME = AppIcon;
				"CODE_SIGN_IDENTITY[sdk=macosx*]" = "Apple Development";
				CODE_SIGN_STYLE = Automatic;
				CURRENT_PROJECT_VERSION = 1;
				DEVELOPMENT_TEAM = PPZNZ68WWQ;
				ENABLE_HARDENED_RUNTIME = YES;
				GENERATE_INFOPLIST_FILE = NO;
				INFOPLIST_FILE = XcodeSupport/Info.plist;
				LD_RUNPATH_SEARCH_PATHS = (
					"$(inherited)",
					"@executable_path/../Frameworks",
				);
				MACOSX_DEPLOYMENT_TARGET = 13.0;
				MARKETING_VERSION = 1.0.0;
				ONLY_ACTIVE_ARCH = YES;
				PRODUCT_BUNDLE_IDENTIFIER = com.anyfloat.app;
				PRODUCT_NAME = "$(TARGET_NAME)";
				SDKROOT = macosx;
				SWIFT_ACTIVE_COMPILATION_CONDITIONS = "DEBUG $(inherited)";
				SWIFT_EMIT_LOC_STRINGS = YES;
				SWIFT_OPTIMIZATION_LEVEL = "-Onone";
				SWIFT_VERSION = 5.0;
			};
			name = Debug;
		};
		A1B2C3D4E5F6000000000011 /* Release */ = {
			isa = XCBuildConfiguration;
			buildSettings = {
				ASSETCATALOG_COMPILER_APPICON_NAME = AppIcon;
				"CODE_SIGN_IDENTITY[sdk=macosx*]" = "Developer ID Application";
				CODE_SIGN_STYLE = Manual;
				CURRENT_PROJECT_VERSION = 1;
				DEVELOPMENT_TEAM = PPZNZ68WWQ;
				ENABLE_HARDENED_RUNTIME = YES;
				GENERATE_INFOPLIST_FILE = NO;
				INFOPLIST_FILE = XcodeSupport/Info.plist;
				LD_RUNPATH_SEARCH_PATHS = (
					"$(inherited)",
					"@executable_path/../Frameworks",
				);
				MACOSX_DEPLOYMENT_TARGET = 13.0;
				MARKETING_VERSION = 1.0.0;
				PRODUCT_BUNDLE_IDENTIFIER = com.anyfloat.app;
				PRODUCT_NAME = "$(TARGET_NAME)";
				SDKROOT = macosx;
				SWIFT_COMPILATION_MODE = wholemodule;
				SWIFT_VERSION = 5.0;
			};
			name = Release;
		};
		A1B2C3D4E5F6000000000012 /* Debug */ = {
			isa = XCBuildConfiguration;
			buildSettings = {
				ALWAYS_SEARCH_USER_PATHS = NO;
				CLANG_ENABLE_MODULES = YES;
				CLANG_ENABLE_OBJC_ARC = YES;
				COPY_PHASE_STRIP = NO;
				GCC_C_LANGUAGE_STANDARD = gnu17;
				MACOSX_DEPLOYMENT_TARGET = 13.0;
				ONLY_ACTIVE_ARCH = YES;
				SDKROOT = macosx;
				SWIFT_VERSION = 5.0;
			};
			name = Debug;
		};
		A1B2C3D4E5F6000000000013 /* Release */ = {
			isa = XCBuildConfiguration;
			buildSettings = {
				ALWAYS_SEARCH_USER_PATHS = NO;
				CLANG_ENABLE_MODULES = YES;
				CLANG_ENABLE_OBJC_ARC = YES;
				COPY_PHASE_STRIP = NO;
				GCC_C_LANGUAGE_STANDARD = gnu17;
				MACOSX_DEPLOYMENT_TARGET = 13.0;
				SDKROOT = macosx;
				SWIFT_VERSION = 5.0;
			};
			name = Release;
		};
/* End XCBuildConfiguration section */

/* Begin XCConfigurationList section */
		A1B2C3D4E5F600000000000E /* Build configuration list for PBXNativeTarget "AnyFloat" */ = {
			isa = XCConfigurationList;
			buildConfigurations = (
				A1B2C3D4E5F6000000000010 /* Debug */,
				A1B2C3D4E5F6000000000011 /* Release */,
			);
			defaultConfigurationIsVisible = 0;
			defaultConfigurationName = Release;
		};
		A1B2C3D4E5F600000000000F /* Build configuration list for PBXProject "AnyFloat" */ = {
			isa = XCConfigurationList;
			buildConfigurations = (
				A1B2C3D4E5F6000000000012 /* Debug */,
				A1B2C3D4E5F6000000000013 /* Release */,
			);
			defaultConfigurationIsVisible = 0;
			defaultConfigurationName = Release;
		};
/* End XCConfigurationList section */

/* Begin XCRemoteSwiftPackageReference section */
		A1B2C3D4E5F6000000000017 /* XCRemoteSwiftPackageReference "mixpanel-swift" */ = {
			isa = XCRemoteSwiftPackageReference;
			repositoryURL = "https://github.com/mixpanel/mixpanel-swift.git";
			requirement = {
				kind = upToNextMajorVersion;
				minimumVersion = 4.3.1;
			};
		};
/* End XCRemoteSwiftPackageReference section */

/* Begin XCSwiftPackageProductDependency section */
		A1B2C3D4E5F6000000000018 /* Mixpanel */ = {
			isa = XCSwiftPackageProductDependency;
			package = A1B2C3D4E5F6000000000017 /* XCRemoteSwiftPackageReference "mixpanel-swift" */;
			productName = Mixpanel;
		};
/* End XCSwiftPackageProductDependency section */
	};
	rootObject = A1B2C3D4E5F6000000000001 /* Project object */;
}
